
Microsoft Visual Studio Solution File, Format Version 12.00
# Visual Studio Version 16
VisualStudioVersion = 16.0.30621.155
MinimumVisualStudioVersion = 10.0.40219.1
Project("{FAE04EC0-301F-11D3-BF4B-00C04F79EFBC}") = "BuiHaNhi_18110168_QLTiemSach_WEB", "BuiHaNhi_18110168_QLTiemSach_WEB\BuiHaNhi_18110168_QLTiemSach_WEB.csproj", "{0A543BAB-9B30-48A7-8240-31DC484AA9CE}"
EndProject
Global
	GlobalSection(SolutionConfigurationPlatforms) = preSolution
		Debug|Any CPU = Debug|Any CPU
		Release|Any CPU = Release|Any CPU
	EndGlobalSection
	GlobalSection(ProjectConfigurationPlatforms) = postSolution
		{0A543BAB-9B30-48A7-8240-31DC484AA9CE}.Debug|Any CPU.ActiveCfg = Debug|Any CPU
		{0A543BAB-9B30-48A7-8240-31DC484AA9CE}.Debug|Any CPU.Build.0 = Debug|Any CPU
		{0A543BAB-9B30-48A7-8240-31DC484AA9CE}.Release|Any CPU.ActiveCfg = Release|Any CPU
		{0A543BAB-9B30-48A7-8240-31DC484AA9CE}.Release|Any CPU.Build.0 = Release|Any CPU
	EndGlobalSection
	GlobalSection(SolutionProperties) = preSolution
		HideSolutionNode = FALSE
	EndGlobalSection
	GlobalSection(ExtensibilityGlobals) = postSolution
		SolutionGuid = {38696E74-9C36-45BE-B8FC-9BC0AEA6A36D}
	EndGlobalSection
EndGlobal
